
Microsoft Visual Studio Solution File, Format Version 12.00
# Visual Studio Version 17
VisualStudioVersion = 17.8.34330.188
MinimumVisualStudioVersion = 10.0.40219.1
Project("{FAE04EC0-301F-11D3-BF4B-00C04F79EFBC}") = "Bank_Minimal_API", "Bank_Minimal_API.csproj", "{FBB76B81-749F-4926-94E5-01234B806643}"
EndProject
Global
	GlobalSection(SolutionConfigurationPlatforms) = preSolution
		Debug|Any CPU = Debug|Any CPU
		Release|Any CPU = Release|Any CPU
	EndGlobalSection
	GlobalSection(ProjectConfigurationPlatforms) = postSolution
		{FBB76B81-749F-4926-94E5-01234B806643}.Debug|Any CPU.ActiveCfg = Debug|Any CPU
		{FBB76B81-749F-4926-94E5-01234B806643}.Debug|Any CPU.Build.0 = Debug|Any CPU
		{FBB76B81-749F-4926-94E5-01234B806643}.Release|Any CPU.ActiveCfg = Release|Any CPU
		{FBB76B81-749F-4926-94E5-01234B806643}.Release|Any CPU.Build.0 = Release|Any CPU
	EndGlobalSection
	GlobalSection(SolutionProperties) = preSolution
		HideSolutionNode = FALSE
	EndGlobalSection
	GlobalSection(ExtensibilityGlobals) = postSolution
		SolutionGuid = {40B09C35-6543-452D-9410-5641DB68BC01}
	EndGlobalSection
EndGlobal
