
Microsoft Visual Studio Solution File, Format Version 12.00
# Visual Studio Version 17
VisualStudioVersion = 17.8.34330.188
MinimumVisualStudioVersion = 10.0.40219.1
Project("{FAE04EC0-301F-11D3-BF4B-00C04F79EFBC}") = "Examen", "Examen.csproj", "{B2935798-28AF-428A-86A6-1C7DF749A696}"
EndProject
Global
	GlobalSection(SolutionConfigurationPlatforms) = preSolution
		Debug|Any CPU = Debug|Any CPU
		Release|Any CPU = Release|Any CPU
	EndGlobalSection
	GlobalSection(ProjectConfigurationPlatforms) = postSolution
		{B2935798-28AF-428A-86A6-1C7DF749A696}.Debug|Any CPU.ActiveCfg = Debug|Any CPU
		{B2935798-28AF-428A-86A6-1C7DF749A696}.Debug|Any CPU.Build.0 = Debug|Any CPU
		{B2935798-28AF-428A-86A6-1C7DF749A696}.Release|Any CPU.ActiveCfg = Release|Any CPU
		{B2935798-28AF-428A-86A6-1C7DF749A696}.Release|Any CPU.Build.0 = Release|Any CPU
	EndGlobalSection
	GlobalSection(SolutionProperties) = preSolution
		HideSolutionNode = FALSE
	EndGlobalSection
	GlobalSection(ExtensibilityGlobals) = postSolution
		SolutionGuid = {00E4800E-1EA2-4E5E-88DB-6A2F55043C55}
	EndGlobalSection
EndGlobal
