
Microsoft Visual Studio Solution File, Format Version 12.00
# Visual Studio Version 17
VisualStudioVersion = 17.8.34330.188
MinimumVisualStudioVersion = 10.0.40219.1
Project("{FAE04EC0-301F-11D3-BF4B-00C04F79EFBC}") = "Northwind_API", "Northwind_API.csproj", "{3EC7885B-8DB7-471B-BCE6-5BC68E9D1CFE}"
EndProject
Global
	GlobalSection(SolutionConfigurationPlatforms) = preSolution
		Debug|Any CPU = Debug|Any CPU
		Release|Any CPU = Release|Any CPU
	EndGlobalSection
	GlobalSection(ProjectConfigurationPlatforms) = postSolution
		{3EC7885B-8DB7-471B-BCE6-5BC68E9D1CFE}.Debug|Any CPU.ActiveCfg = Debug|Any CPU
		{3EC7885B-8DB7-471B-BCE6-5BC68E9D1CFE}.Debug|Any CPU.Build.0 = Debug|Any CPU
		{3EC7885B-8DB7-471B-BCE6-5BC68E9D1CFE}.Release|Any CPU.ActiveCfg = Release|Any CPU
		{3EC7885B-8DB7-471B-BCE6-5BC68E9D1CFE}.Release|Any CPU.Build.0 = Release|Any CPU
	EndGlobalSection
	GlobalSection(SolutionProperties) = preSolution
		HideSolutionNode = FALSE
	EndGlobalSection
	GlobalSection(ExtensibilityGlobals) = postSolution
		SolutionGuid = {777EFBDC-D9C6-417B-AEFB-E28E2BDDA8C5}
	EndGlobalSection
EndGlobal
