
Microsoft Visual Studio Solution File, Format Version 12.00
# Visual Studio Version 17
VisualStudioVersion = 17.2.32516.85
MinimumVisualStudioVersion = 10.0.40219.1
Project("{FAE04EC0-301F-11D3-BF4B-00C04F79EFBC}") = "DemoLegume", "DemoLegume.csproj", "{23DCC0E9-9201-4FA4-AA9A-11E9B1F37771}"
EndProject
Global
	GlobalSection(SolutionConfigurationPlatforms) = preSolution
		Debug|Any CPU = Debug|Any CPU
		Release|Any CPU = Release|Any CPU
	EndGlobalSection
	GlobalSection(ProjectConfigurationPlatforms) = postSolution
		{23DCC0E9-9201-4FA4-AA9A-11E9B1F37771}.Debug|Any CPU.ActiveCfg = Debug|Any CPU
		{23DCC0E9-9201-4FA4-AA9A-11E9B1F37771}.Debug|Any CPU.Build.0 = Debug|Any CPU
		{23DCC0E9-9201-4FA4-AA9A-11E9B1F37771}.Release|Any CPU.ActiveCfg = Release|Any CPU
		{23DCC0E9-9201-4FA4-AA9A-11E9B1F37771}.Release|Any CPU.Build.0 = Release|Any CPU
	EndGlobalSection
	GlobalSection(SolutionProperties) = preSolution
		HideSolutionNode = FALSE
	EndGlobalSection
	GlobalSection(ExtensibilityGlobals) = postSolution
		SolutionGuid = {9A2792CB-EC00-4EDE-9DDF-EB9F99B0DFA6}
	EndGlobalSection
EndGlobal
