
Microsoft Visual Studio Solution File, Format Version 12.00
# Visual Studio Version 17
VisualStudioVersion = 17.8.34330.188
MinimumVisualStudioVersion = 10.0.40219.1
Project("{FAE04EC0-301F-11D3-BF4B-00C04F79EFBC}") = "TopPlaces", "TopPlaces.csproj", "{4766E9D9-EDB6-41EB-AEA3-778545891D8F}"
EndProject
Global
	GlobalSection(SolutionConfigurationPlatforms) = preSolution
		Debug|Any CPU = Debug|Any CPU
		Release|Any CPU = Release|Any CPU
	EndGlobalSection
	GlobalSection(ProjectConfigurationPlatforms) = postSolution
		{4766E9D9-EDB6-41EB-AEA3-778545891D8F}.Debug|Any CPU.ActiveCfg = Debug|Any CPU
		{4766E9D9-EDB6-41EB-AEA3-778545891D8F}.Debug|Any CPU.Build.0 = Debug|Any CPU
		{4766E9D9-EDB6-41EB-AEA3-778545891D8F}.Release|Any CPU.ActiveCfg = Release|Any CPU
		{4766E9D9-EDB6-41EB-AEA3-778545891D8F}.Release|Any CPU.Build.0 = Release|Any CPU
	EndGlobalSection
	GlobalSection(SolutionProperties) = preSolution
		HideSolutionNode = FALSE
	EndGlobalSection
	GlobalSection(ExtensibilityGlobals) = postSolution
		SolutionGuid = {79FB7F5B-8222-468E-8F90-A53D33297667}
	EndGlobalSection
EndGlobal
